<?xml version="1.0" encoding="utf-8"?>
<Project ToolsVersion="4.0" xmlns="http://schemas.microsoft.com/developer/msbuild/2003">
  <ItemGroup>
    <Filter Include="Исходные файлы">
      <UniqueIdentifier>{4FC737F1-C7A5-4376-A066-2A32D752A2FF}</UniqueIdentifier>
      <Extensions>cpp;c;cc;cxx;c++;cppm;ixx;def;odl;idl;hpj;bat;asm;asmx</Extensions>
    </Filter>
    <Filter Include="Файлы заголовков">
      <UniqueIdentifier>{93995380-89BD-4b04-88EB-625FBE52EBFB}</UniqueIdentifier>
      <Extensions>h;hh;hpp;hxx;h++;hm;inl;inc;ipp;xsd</Extensions>
    </Filter>
    <Filter Include="Файлы ресурсов">
      <UniqueIdentifier>{67DA6AB6-F800-4c08-8B7A-83BB121AAD01}</UniqueIdentifier>
      <Extensions>rc;ico;cur;bmp;dlg;rc2;rct;bin;rgs;gif;jpg;jpeg;jpe;resx;tiff;tif;png;wav;mfcribbon-ms</Extensions>
    </Filter>
    <Filter Include="Файлы заголовков\ast">
      <UniqueIdentifier>{48621eae-27fe-461a-aef7-d85ddb043a1b}</UniqueIdentifier>
    </Filter>
    <Filter Include="Исходные файлы\parser">
      <UniqueIdentifier>{926d02e6-8757-41dc-bad3-c207103d8627}</UniqueIdentifier>
    </Filter>
  </ItemGroup>
  <ItemGroup>
    <ClInclude Include="include\expression_visitor.h">
      <Filter>Файлы заголовков</Filter>
    </ClInclude>
    <ClInclude Include="include\lexer.h">
      <Filter>Файлы заголовков</Filter>
    </ClInclude>
    <ClInclude Include="include\nodes.h">
      <Filter>Файлы заголовков</Filter>
    </ClInclude>
    <ClInclude Include="include\parser.h">
      <Filter>Файлы заголовков</Filter>
    </ClInclude>
    <ClInclude Include="include\parser_pch.h">
      <Filter>Файлы заголовков</Filter>
    </ClInclude>
    <ClInclude Include="include\scope.h">
      <Filter>Файлы заголовков</Filter>
    </ClInclude>
    <ClInclude Include="include\ast\type.h">
      <Filter>Файлы заголовков\ast</Filter>
    </ClInclude>
    <ClInclude Include="include\syntax_tree.h">
      <Filter>Файлы заголовков</Filter>
    </ClInclude>
    <ClInclude Include="include\ast\enum.h">
      <Filter>Файлы заголовков\ast</Filter>
    </ClInclude>
    <ClInclude Include="include\ast\ternary.h">
      <Filter>Файлы заголовков\ast</Filter>
    </ClInclude>
    <ClInclude Include="include\ast\unary.h">
      <Filter>Файлы заголовков\ast</Filter>
    </ClInclude>
    <ClInclude Include="include\ast\var_declaration.h">
      <Filter>Файлы заголовков\ast</Filter>
    </ClInclude>
    <ClInclude Include="include\ast\array.h">
      <Filter>Файлы заголовков\ast</Filter>
    </ClInclude>
    <ClInclude Include="include\ast\assignment.h">
      <Filter>Файлы заголовков\ast</Filter>
    </ClInclude>
    <ClInclude Include="include\ast\binary.h">
      <Filter>Файлы заголовков\ast</Filter>
    </ClInclude>
    <ClInclude Include="include\ast\cast.h">
      <Filter>Файлы заголовков\ast</Filter>
    </ClInclude>
    <ClInclude Include="include\ast\class.h">
      <Filter>Файлы заголовков\ast</Filter>
    </ClInclude>
    <ClInclude Include="include\ast\constructor.h">
      <Filter>Файлы заголовков\ast</Filter>
    </ClInclude>
    <ClInclude Include="include\ast\destructor.h">
      <Filter>Файлы заголовков\ast</Filter>
    </ClInclude>
    <ClInclude Include="include\ast\function.h">
      <Filter>Файлы заголовков\ast</Filter>
    </ClInclude>
    <ClInclude Include="include\ast\identifier.h">
      <Filter>Файлы заголовков\ast</Filter>
    </ClInclude>
    <ClInclude Include="include\ast\if_else.h">
      <Filter>Файлы заголовков\ast</Filter>
    </ClInclude>
    <ClInclude Include="include\ast\instance_declaration.h">
      <Filter>Файлы заголовков\ast</Filter>
    </ClInclude>
    <ClInclude Include="include\ast\literals.h">
      <Filter>Файлы заголовков\ast</Filter>
    </ClInclude>
    <ClInclude Include="include\ast\loops.h">
      <Filter>Файлы заголовков\ast</Filter>
    </ClInclude>
    <ClInclude Include="include\ast\member.h">
      <Filter>Файлы заголовков\ast</Filter>
    </ClInclude>
    <ClInclude Include="include\ast\struct.h">
      <Filter>Файлы заголовков\ast</Filter>
    </ClInclude>
    <ClInclude Include="include\ast\template.h">
      <Filter>Файлы заголовков\ast</Filter>
    </ClInclude>
  </ItemGroup>
  <ItemGroup>
    <ClCompile Include="src\lexer.cpp">
      <Filter>Исходные файлы</Filter>
    </ClCompile>
    <ClCompile Include="src\nodes.cpp">
      <Filter>Исходные файлы</Filter>
    </ClCompile>
    <ClCompile Include="src\parser_pch.cpp">
      <Filter>Исходные файлы</Filter>
    </ClCompile>
    <ClCompile Include="src\scope.cpp">
      <Filter>Исходные файлы</Filter>
    </ClCompile>
    <ClCompile Include="src\parser\parser_cast.cpp">
      <Filter>Исходные файлы\parser</Filter>
    </ClCompile>
    <ClCompile Include="src\parser\parser_class.cpp">
      <Filter>Исходные файлы\parser</Filter>
    </ClCompile>
    <ClCompile Include="src\parser\parser_constructor.cpp">
      <Filter>Исходные файлы\parser</Filter>
    </ClCompile>
    <ClCompile Include="src\parser\parser_destructor.cpp">
      <Filter>Исходные файлы\parser</Filter>
    </ClCompile>
    <ClCompile Include="src\parser\parser_enum.cpp">
      <Filter>Исходные файлы\parser</Filter>
    </ClCompile>
    <ClCompile Include="src\parser\parser_function.cpp">
      <Filter>Исходные файлы\parser</Filter>
    </ClCompile>
    <ClCompile Include="src\parser\parser_identifier.cpp">
      <Filter>Исходные файлы\parser</Filter>
    </ClCompile>
    <ClCompile Include="src\parser\parser_if_else.cpp">
      <Filter>Исходные файлы\parser</Filter>
    </ClCompile>
    <ClCompile Include="src\parser\parser_instance.cpp">
      <Filter>Исходные файлы\parser</Filter>
    </ClCompile>
    <ClCompile Include="src\parser\parser_literals.cpp">
      <Filter>Исходные файлы\parser</Filter>
    </ClCompile>
    <ClCompile Include="src\parser\parser_loops.cpp">
      <Filter>Исходные файлы\parser</Filter>
    </ClCompile>
    <ClCompile Include="src\parser\parser_member.cpp">
      <Filter>Исходные файлы\parser</Filter>
    </ClCompile>
    <ClCompile Include="src\parser\parser_modifiers.cpp">
      <Filter>Исходные файлы\parser</Filter>
    </ClCompile>
    <ClCompile Include="src\parser\parser_parameters.cpp">
      <Filter>Исходные файлы\parser</Filter>
    </ClCompile>
    <ClCompile Include="src\parser\parser_struct.cpp">
      <Filter>Исходные файлы\parser</Filter>
    </ClCompile>
    <ClCompile Include="src\parser\parser_template.cpp">
      <Filter>Исходные файлы\parser</Filter>
    </ClCompile>
    <ClCompile Include="src\parser\parser_ternary.cpp">
      <Filter>Исходные файлы\parser</Filter>
    </ClCompile>
    <ClCompile Include="src\parser\parser_type.cpp">
      <Filter>Исходные файлы\parser</Filter>
    </ClCompile>
    <ClCompile Include="src\parser\parser_unary.cpp">
      <Filter>Исходные файлы\parser</Filter>
    </ClCompile>
    <ClCompile Include="src\parser\parser_utils.cpp">
      <Filter>Исходные файлы\parser</Filter>
    </ClCompile>
    <ClCompile Include="src\parser\parser_var_declaration.cpp">
      <Filter>Исходные файлы\parser</Filter>
    </ClCompile>
    <ClCompile Include="src\parser\parser_arguments.cpp">
      <Filter>Исходные файлы\parser</Filter>
    </ClCompile>
    <ClCompile Include="src\parser\parser_array.cpp">
      <Filter>Исходные файлы\parser</Filter>
    </ClCompile>
    <ClCompile Include="src\parser\parser_assignment.cpp">
      <Filter>Исходные файлы\parser</Filter>
    </ClCompile>
    <ClCompile Include="src\parser\parser_binary.cpp">
      <Filter>Исходные файлы\parser</Filter>
    </ClCompile>
    <ClCompile Include="src\parser\parser.cpp">
      <Filter>Исходные файлы\parser</Filter>
    </ClCompile>
  </ItemGroup>
  <ItemGroup>
    <Text Include="CMakeLists.txt" />
  </ItemGroup>
</Project>